// !$*UTF8*$!
{
	archiveVersion = 1;
	classes = {
	};
	objectVersion = 56;
	objects = {

/* Begin PBXBuildFile section */
		6532310F29B34503002463EA /* AppDelegate.swift in Sources */ = {isa = PBXBuildFile; fileRef = 6532310E29B34503002463EA /* AppDelegate.swift */; };
		6532311129B34503002463EA /* SceneDelegate.swift in Sources */ = {isa = PBXBuildFile; fileRef = 6532311029B34503002463EA /* SceneDelegate.swift */; };
		6532311329B34503002463EA /* ViewController.swift in Sources */ = {isa = PBXBuildFile; fileRef = 6532311229B34503002463EA /* ViewController.swift */; };
		6532311629B34503002463EA /* Main.storyboard in Resources */ = {isa = PBXBuildFile; fileRef = 6532311429B34503002463EA /* Main.storyboard */; };
		6532311929B34503002463EA /* ZooApp.xcdatamodeld in Sources */ = {isa = PBXBuildFile; fileRef = 6532311729B34503002463EA /* ZooApp.xcdatamodeld */; };
		6532311B29B34505002463EA /* Assets.xcassets in Resources */ = {isa = PBXBuildFile; fileRef = 6532311A29B34505002463EA /* Assets.xcassets */; };
		6532311E29B34505002463EA /* LaunchScreen.storyboard in Resources */ = {isa = PBXBuildFile; fileRef = 6532311C29B34505002463EA /* LaunchScreen.storyboard */; };
		6532312629B3485D002463EA /* OnboardingViewController.swift in Sources */ = {isa = PBXBuildFile; fileRef = 6532312529B3485D002463EA /* OnboardingViewController.swift */; };
		6597358829B8600800392ACC /* ZooListViewController.swift in Sources */ = {isa = PBXBuildFile; fileRef = 6597358729B8600800392ACC /* ZooListViewController.swift */; };
		6597358A29BA33CD00392ACC /* TabBarViewController.swift in Sources */ = {isa = PBXBuildFile; fileRef = 6597358929BA33CD00392ACC /* TabBarViewController.swift */; };
		6597358C29BB64FA00392ACC /* ZooListCollectionViewCell.swift in Sources */ = {isa = PBXBuildFile; fileRef = 6597358B29BB64FA00392ACC /* ZooListCollectionViewCell.swift */; };
		6597358E29BB695000392ACC /* zooList.json in Resources */ = {isa = PBXBuildFile; fileRef = 6597358D29BB695000392ACC /* zooList.json */; };
		65B0103B29BC77A300DCD1F9 /* AboutZooViewController.swift in Sources */ = {isa = PBXBuildFile; fileRef = 65B0103A29BC77A300DCD1F9 /* AboutZooViewController.swift */; };
		65C6B28F29B7B41600FA963D /* zooApp.json in Resources */ = {isa = PBXBuildFile; fileRef = 65C6B28E29B7B41600FA963D /* zooApp.json */; };
		65E3A0DF29B729E200F735C1 /* structs.swift in Sources */ = {isa = PBXBuildFile; fileRef = 65E3A0DE29B729E200F735C1 /* structs.swift */; };
		65E3A0E129B72C8500F735C1 /* OnboardingCellCollectionViewCell.swift in Sources */ = {isa = PBXBuildFile; fileRef = 65E3A0E029B72C8500F735C1 /* OnboardingCellCollectionViewCell.swift */; };
/* End PBXBuildFile section */

/* Begin PBXFileReference section */
		6532310B29B34503002463EA /* ZooApp.app */ = {isa = PBXFileReference; explicitFileType = wrapper.application; includeInIndex = 0; path = ZooApp.app; sourceTree = BUILT_PRODUCTS_DIR; };
		6532310E29B34503002463EA /* AppDelegate.swift */ = {isa = PBXFileReference; lastKnownFileType = sourcecode.swift; path = AppDelegate.swift; sourceTree = "<group>"; };
		6532311029B34503002463EA /* SceneDelegate.swift */ = {isa = PBXFileReference; lastKnownFileType = sourcecode.swift; path = SceneDelegate.swift; sourceTree = "<group>"; };
		6532311229B34503002463EA /* ViewController.swift */ = {isa = PBXFileReference; lastKnownFileType = sourcecode.swift; path = ViewController.swift; sourceTree = "<group>"; };
		6532311529B34503002463EA /* Base */ = {isa = PBXFileReference; lastKnownFileType = file.storyboard; name = Base; path = Base.lproj/Main.storyboard; sourceTree = "<group>"; };
		6532311829B34503002463EA /* ZooApp.xcdatamodel */ = {isa = PBXFileReference; lastKnownFileType = wrapper.xcdatamodel; path = ZooApp.xcdatamodel; sourceTree = "<group>"; };
		6532311A29B34505002463EA /* Assets.xcassets */ = {isa = PBXFileReference; lastKnownFileType = folder.assetcatalog; path = Assets.xcassets; sourceTree = "<group>"; };
		6532311D29B34505002463EA /* Base */ = {isa = PBXFileReference; lastKnownFileType = file.storyboard; name = Base; path = Base.lproj/LaunchScreen.storyboard; sourceTree = "<group>"; };
		6532311F29B34505002463EA /* Info.plist */ = {isa = PBXFileReference; lastKnownFileType = text.plist.xml; path = Info.plist; sourceTree = "<group>"; };
		6532312529B3485D002463EA /* OnboardingViewController.swift */ = {isa = PBXFileReference; lastKnownFileType = sourcecode.swift; path = OnboardingViewController.swift; sourceTree = "<group>"; };
		6597358729B8600800392ACC /* ZooListViewController.swift */ = {isa = PBXFileReference; lastKnownFileType = sourcecode.swift; path = ZooListViewController.swift; sourceTree = "<group>"; };
		6597358929BA33CD00392ACC /* TabBarViewController.swift */ = {isa = PBXFileReference; lastKnownFileType = sourcecode.swift; path = TabBarViewController.swift; sourceTree = "<group>"; };
		6597358B29BB64FA00392ACC /* ZooListCollectionViewCell.swift */ = {isa = PBXFileReference; lastKnownFileType = sourcecode.swift; path = ZooListCollectionViewCell.swift; sourceTree = "<group>"; };
		6597358D29BB695000392ACC /* zooList.json */ = {isa = PBXFileReference; lastKnownFileType = text.json; path = zooList.json; sourceTree = "<group>"; };
		65B0103A29BC77A300DCD1F9 /* AboutZooViewController.swift */ = {isa = PBXFileReference; lastKnownFileType = sourcecode.swift; path = AboutZooViewController.swift; sourceTree = "<group>"; };
		65C6B28E29B7B41600FA963D /* zooApp.json */ = {isa = PBXFileReference; lastKnownFileType = text.json; path = zooApp.json; sourceTree = "<group>"; };
		65E3A0DE29B729E200F735C1 /* structs.swift */ = {isa = PBXFileReference; lastKnownFileType = sourcecode.swift; path = structs.swift; sourceTree = "<group>"; };
		65E3A0E029B72C8500F735C1 /* OnboardingCellCollectionViewCell.swift */ = {isa = PBXFileReference; lastKnownFileType = sourcecode.swift; path = OnboardingCellCollectionViewCell.swift; sourceTree = "<group>"; };
/* End PBXFileReference section */

/* Begin PBXFrameworksBuildPhase section */
		6532310829B34503002463EA /* Frameworks */ = {
			isa = PBXFrameworksBuildPhase;
			buildActionMask = 2147483647;
			files = (
			);
			runOnlyForDeploymentPostprocessing = 0;
		};
/* End PBXFrameworksBuildPhase section */

/* Begin PBXGroup section */
		6532310229B34503002463EA = {
			isa = PBXGroup;
			children = (
				6532310D29B34503002463EA /* ZooApp */,
				6532310C29B34503002463EA /* Products */,
			);
			sourceTree = "<group>";
		};
		6532310C29B34503002463EA /* Products */ = {
			isa = PBXGroup;
			children = (
				6532310B29B34503002463EA /* ZooApp.app */,
			);
			name = Products;
			sourceTree = "<group>";
		};
		6532310D29B34503002463EA /* ZooApp */ = {
			isa = PBXGroup;
			children = (
				6532310E29B34503002463EA /* AppDelegate.swift */,
				6532311029B34503002463EA /* SceneDelegate.swift */,
				6532311229B34503002463EA /* ViewController.swift */,
				6532312529B3485D002463EA /* OnboardingViewController.swift */,
				65E3A0E029B72C8500F735C1 /* OnboardingCellCollectionViewCell.swift */,
				6597358929BA33CD00392ACC /* TabBarViewController.swift */,
				6597358729B8600800392ACC /* ZooListViewController.swift */,
				6597358B29BB64FA00392ACC /* ZooListCollectionViewCell.swift */,
				65B0103A29BC77A300DCD1F9 /* AboutZooViewController.swift */,
				65E3A0DE29B729E200F735C1 /* structs.swift */,
				6532311A29B34505002463EA /* Assets.xcassets */,
				6532311429B34503002463EA /* Main.storyboard */,
				6532311C29B34505002463EA /* LaunchScreen.storyboard */,
				6532311F29B34505002463EA /* Info.plist */,
				6532311729B34503002463EA /* ZooApp.xcdatamodeld */,
				65C6B28E29B7B41600FA963D /* zooApp.json */,
				6597358D29BB695000392ACC /* zooList.json */,
			);
			path = ZooApp;
			sourceTree = "<group>";
		};
/* End PBXGroup section */

/* Begin PBXNativeTarget section */
		6532310A29B34503002463EA /* ZooApp */ = {
			isa = PBXNativeTarget;
			buildConfigurationList = 6532312229B34505002463EA /* Build configuration list for PBXNativeTarget "ZooApp" */;
			buildPhases = (
				6532310729B34503002463EA /* Sources */,
				6532310829B34503002463EA /* Frameworks */,
				6532310929B34503002463EA /* Resources */,
			);
			buildRules = (
			);
			dependencies = (
			);
			name = ZooApp;
			productName = ZooApp;
			productReference = 6532310B29B34503002463EA /* ZooApp.app */;
			productType = "com.apple.product-type.application";
		};
/* End PBXNativeTarget section */

/* Begin PBXProject section */
		6532310329B34503002463EA /* Project object */ = {
			isa = PBXProject;
			attributes = {
				BuildIndependentTargetsInParallel = 1;
				LastSwiftUpdateCheck = 1420;
				LastUpgradeCheck = 1420;
				TargetAttributes = {
					6532310A29B34503002463EA = {
						CreatedOnToolsVersion = 14.2;
					};
				};
			};
			buildConfigurationList = 6532310629B34503002463EA /* Build configuration list for PBXProject "ZooApp" */;
			compatibilityVersion = "Xcode 14.0";
			developmentRegion = en;
			hasScannedForEncodings = 0;
			knownRegions = (
				en,
				Base,
			);
			mainGroup = 6532310229B34503002463EA;
			productRefGroup = 6532310C29B34503002463EA /* Products */;
			projectDirPath = "";
			projectRoot = "";
			targets = (
				6532310A29B34503002463EA /* ZooApp */,
			);
		};
/* End PBXProject section */

/* Begin PBXResourcesBuildPhase section */
		6532310929B34503002463EA /* Resources */ = {
			isa = PBXResourcesBuildPhase;
			buildActionMask = 2147483647;
			files = (
				6532311E29B34505002463EA /* LaunchScreen.storyboard in Resources */,
				6532311B29B34505002463EA /* Assets.xcassets in Resources */,
				6597358E29BB695000392ACC /* zooList.json in Resources */,
				6532311629B34503002463EA /* Main.storyboard in Resources */,
				65C6B28F29B7B41600FA963D /* zooApp.json in Resources */,
			);
			runOnlyForDeploymentPostprocessing = 0;
		};
/* End PBXResourcesBuildPhase section */

/* Begin PBXSourcesBuildPhase section */
		6532310729B34503002463EA /* Sources */ = {
			isa = PBXSourcesBuildPhase;
			buildActionMask = 2147483647;
			files = (
				6532311929B34503002463EA /* ZooApp.xcdatamodeld in Sources */,
				6597358829B8600800392ACC /* ZooListViewController.swift in Sources */,
				6532311329B34503002463EA /* ViewController.swift in Sources */,
				6597358C29BB64FA00392ACC /* ZooListCollectionViewCell.swift in Sources */,
				6532312629B3485D002463EA /* OnboardingViewController.swift in Sources */,
				6597358A29BA33CD00392ACC /* TabBarViewController.swift in Sources */,
				6532310F29B34503002463EA /* AppDelegate.swift in Sources */,
				65E3A0DF29B729E200F735C1 /* structs.swift in Sources */,
				65E3A0E129B72C8500F735C1 /* OnboardingCellCollectionViewCell.swift in Sources */,
				6532311129B34503002463EA /* SceneDelegate.swift in Sources */,
				65B0103B29BC77A300DCD1F9 /* AboutZooViewController.swift in Sources */,
			);
			runOnlyForDeploymentPostprocessing = 0;
		};
/* End PBXSourcesBuildPhase section */

/* Begin PBXVariantGroup section */
		6532311429B34503002463EA /* Main.storyboard */ = {
			isa = PBXVariantGroup;
			children = (
				6532311529B34503002463EA /* Base */,
			);
			name = Main.storyboard;
			sourceTree = "<group>";
		};
		6532311C29B34505002463EA /* LaunchScreen.storyboard */ = {
			isa = PBXVariantGroup;
			children = (
				6532311D29B34505002463EA /* Base */,
			);
			name = LaunchScreen.storyboard;
			sourceTree = "<group>";
		};
/* End PBXVariantGroup section */

/* Begin XCBuildConfiguration section */
		6532312029B34505002463EA /* Debug */ = {
			isa = XCBuildConfiguration;
			buildSettings = {
				ALWAYS_SEARCH_USER_PATHS = NO;
				CLANG_ANALYZER_NONNULL = YES;
				CLANG_ANALYZER_NUMBER_OBJECT_CONVERSION = YES_AGGRESSIVE;
				CLANG_CXX_LANGUAGE_STANDARD = "gnu++20";
				CLANG_ENABLE_MODULES = YES;
				CLANG_ENABLE_OBJC_ARC = YES;
				CLANG_ENABLE_OBJC_WEAK = YES;
				CLANG_WARN_BLOCK_CAPTURE_AUTORELEASING = YES;
				CLANG_WARN_BOOL_CONVERSION = YES;
				CLANG_WARN_COMMA = YES;
				CLANG_WARN_CONSTANT_CONVERSION = YES;
				CLANG_WARN_DEPRECATED_OBJC_IMPLEMENTATIONS = YES;
				CLANG_WARN_DIRECT_OBJC_ISA_USAGE = YES_ERROR;
				CLANG_WARN_DOCUMENTATION_COMMENTS = YES;
				CLANG_WARN_EMPTY_BODY = YES;
				CLANG_WARN_ENUM_CONVERSION = YES;
				CLANG_WARN_INFINITE_RECURSION = YES;
				CLANG_WARN_INT_CONVERSION = YES;
				CLANG_WARN_NON_LITERAL_NULL_CONVERSION = YES;
				CLANG_WARN_OBJC_IMPLICIT_RETAIN_SELF = YES;
				CLANG_WARN_OBJC_LITERAL_CONVERSION = YES;
				CLANG_WARN_OBJC_ROOT_CLASS = YES_ERROR;
				CLANG_WARN_QUOTED_INCLUDE_IN_FRAMEWORK_HEADER = YES;
				CLANG_WARN_RANGE_LOOP_ANALYSIS = YES;
				CLANG_WARN_STRICT_PROTOTYPES = YES;
				CLANG_WARN_SUSPICIOUS_MOVE = YES;
				CLANG_WARN_UNGUARDED_AVAILABILITY = YES_AGGRESSIVE;
				CLANG_WARN_UNREACHABLE_CODE = YES;
				CLANG_WARN__DUPLICATE_METHOD_MATCH = YES;
				COPY_PHASE_STRIP = NO;
				DEBUG_INFORMATION_FORMAT = dwarf;
				ENABLE_STRICT_OBJC_MSGSEND = YES;
				ENABLE_TESTABILITY = YES;
				GCC_C_LANGUAGE_STANDARD = gnu11;
				GCC_DYNAMIC_NO_PIC = NO;
				GCC_NO_COMMON_BLOCKS = YES;
				GCC_OPTIMIZATION_LEVEL = 0;
				GCC_PREPROCESSOR_DEFINITIONS = (
					"DEBUG=1",
					"$(inherited)",
				);
				GCC_WARN_64_TO_32_BIT_CONVERSION = YES;
				GCC_WARN_ABOUT_RETURN_TYPE = YES_ERROR;
				GCC_WARN_UNDECLARED_SELECTOR = YES;
				GCC_WARN_UNINITIALIZED_AUTOS = YES_AGGRESSIVE;
				GCC_WARN_UNUSED_FUNCTION = YES;
				GCC_WARN_UNUSED_VARIABLE = YES;
				IPHONEOS_DEPLOYMENT_TARGET = 16.2;
				MTL_ENABLE_DEBUG_INFO = INCLUDE_SOURCE;
				MTL_FAST_MATH = YES;
				ONLY_ACTIVE_ARCH = YES;
				SDKROOT = iphoneos;
				SWIFT_ACTIVE_COMPILATION_CONDITIONS = DEBUG;
				SWIFT_OPTIMIZATION_LEVEL = "-Onone";
			};
			name = Debug;
		};
		6532312129B34505002463EA /* Release */ = {
			isa = XCBuildConfiguration;
			buildSettings = {
				ALWAYS_SEARCH_USER_PATHS = NO;
				CLANG_ANALYZER_NONNULL = YES;
				CLANG_ANALYZER_NUMBER_OBJECT_CONVERSION = YES_AGGRESSIVE;
				CLANG_CXX_LANGUAGE_STANDARD = "gnu++20";
				CLANG_ENABLE_MODULES = YES;
				CLANG_ENABLE_OBJC_ARC = YES;
				CLANG_ENABLE_OBJC_WEAK = YES;
				CLANG_WARN_BLOCK_CAPTURE_AUTORELEASING = YES;
				CLANG_WARN_BOOL_CONVERSION = YES;
				CLANG_WARN_COMMA = YES;
				CLANG_WARN_CONSTANT_CONVERSION = YES;
				CLANG_WARN_DEPRECATED_OBJC_IMPLEMENTATIONS = YES;
				CLANG_WARN_DIRECT_OBJC_ISA_USAGE = YES_ERROR;
				CLANG_WARN_DOCUMENTATION_COMMENTS = YES;
				CLANG_WARN_EMPTY_BODY = YES;
				CLANG_WARN_ENUM_CONVERSION = YES;
				CLANG_WARN_INFINITE_RECURSION = YES;
				CLANG_WARN_INT_CONVERSION = YES;
				CLANG_WARN_NON_LITERAL_NULL_CONVERSION = YES;
				CLANG_WARN_OBJC_IMPLICIT_RETAIN_SELF = YES;
				CLANG_WARN_OBJC_LITERAL_CONVERSION = YES;
				CLANG_WARN_OBJC_ROOT_CLASS = YES_ERROR;
				CLANG_WARN_QUOTED_INCLUDE_IN_FRAMEWORK_HEADER = YES;
				CLANG_WARN_RANGE_LOOP_ANALYSIS = YES;
				CLANG_WARN_STRICT_PROTOTYPES = YES;
				CLANG_WARN_SUSPICIOUS_MOVE = YES;
				CLANG_WARN_UNGUARDED_AVAILABILITY = YES_AGGRESSIVE;
				CLANG_WARN_UNREACHABLE_CODE = YES;
				CLANG_WARN__DUPLICATE_METHOD_MATCH = YES;
				COPY_PHASE_STRIP = NO;
				DEBUG_INFORMATION_FORMAT = "dwarf-with-dsym";
				ENABLE_NS_ASSERTIONS = NO;
				ENABLE_STRICT_OBJC_MSGSEND = YES;
				GCC_C_LANGUAGE_STANDARD = gnu11;
				GCC_NO_COMMON_BLOCKS = YES;
				GCC_WARN_64_TO_32_BIT_CONVERSION = YES;
				GCC_WARN_ABOUT_RETURN_TYPE = YES_ERROR;
				GCC_WARN_UNDECLARED_SELECTOR = YES;
				GCC_WARN_UNINITIALIZED_AUTOS = YES_AGGRESSIVE;
				GCC_WARN_UNUSED_FUNCTION = YES;
				GCC_WARN_UNUSED_VARIABLE = YES;
				IPHONEOS_DEPLOYMENT_TARGET = 16.2;
				MTL_ENABLE_DEBUG_INFO = NO;
				MTL_FAST_MATH = YES;
				SDKROOT = iphoneos;
				SWIFT_COMPILATION_MODE = wholemodule;
				SWIFT_OPTIMIZATION_LEVEL = "-O";
				VALIDATE_PRODUCT = YES;
			};
			name = Release;
		};
		6532312329B34505002463EA /* Debug */ = {
			isa = XCBuildConfiguration;
			buildSettings = {
				ASSETCATALOG_COMPILER_APPICON_NAME = AppIcon;
				ASSETCATALOG_COMPILER_GLOBAL_ACCENT_COLOR_NAME = AccentColor;
				CODE_SIGN_STYLE = Automatic;
				CURRENT_PROJECT_VERSION = 1;
				GENERATE_INFOPLIST_FILE = YES;
				INFOPLIST_FILE = ZooApp/Info.plist;
				INFOPLIST_KEY_UIApplicationSupportsIndirectInputEvents = YES;
				INFOPLIST_KEY_UILaunchStoryboardName = LaunchScreen;
				INFOPLIST_KEY_UIMainStoryboardFile = Main;
				INFOPLIST_KEY_UISupportedInterfaceOrientations_iPad = "UIInterfaceOrientationPortrait UIInterfaceOrientationPortraitUpsideDown UIInterfaceOrientationLandscapeLeft UIInterfaceOrientationLandscapeRight";
				INFOPLIST_KEY_UISupportedInterfaceOrientations_iPhone = "UIInterfaceOrientationPortrait UIInterfaceOrientationLandscapeLeft UIInterfaceOrientationLandscapeRight";
				IPHONEOS_DEPLOYMENT_TARGET = 13.0;
				LD_RUNPATH_SEARCH_PATHS = (
					"$(inherited)",
					"@executable_path/Frameworks",
				);
				MARKETING_VERSION = 1.0;
				PRODUCT_BUNDLE_IDENTIFIER = mnyx7.ZooApp;
				PRODUCT_NAME = "$(TARGET_NAME)";
				SWIFT_EMIT_LOC_STRINGS = YES;
				SWIFT_VERSION = 5.0;
				TARGETED_DEVICE_FAMILY = "1,2";
			};
			name = Debug;
		};
		6532312429B34505002463EA /* Release */ = {
			isa = XCBuildConfiguration;
			buildSettings = {
				ASSETCATALOG_COMPILER_APPICON_NAME = AppIcon;
				ASSETCATALOG_COMPILER_GLOBAL_ACCENT_COLOR_NAME = AccentColor;
				CODE_SIGN_STYLE = Automatic;
				CURRENT_PROJECT_VERSION = 1;
				GENERATE_INFOPLIST_FILE = YES;
				INFOPLIST_FILE = ZooApp/Info.plist;
				INFOPLIST_KEY_UIApplicationSupportsIndirectInputEvents = YES;
				INFOPLIST_KEY_UILaunchStoryboardName = LaunchScreen;
				INFOPLIST_KEY_UIMainStoryboardFile = Main;
				INFOPLIST_KEY_UISupportedInterfaceOrientations_iPad = "UIInterfaceOrientationPortrait UIInterfaceOrientationPortraitUpsideDown UIInterfaceOrientationLandscapeLeft UIInterfaceOrientationLandscapeRight";
				INFOPLIST_KEY_UISupportedInterfaceOrientations_iPhone = "UIInterfaceOrientationPortrait UIInterfaceOrientationLandscapeLeft UIInterfaceOrientationLandscapeRight";
				IPHONEOS_DEPLOYMENT_TARGET = 13.0;
				LD_RUNPATH_SEARCH_PATHS = (
					"$(inherited)",
					"@executable_path/Frameworks",
				);
				MARKETING_VERSION = 1.0;
				PRODUCT_BUNDLE_IDENTIFIER = mnyx7.ZooApp;
				PRODUCT_NAME = "$(TARGET_NAME)";
				SWIFT_EMIT_LOC_STRINGS = YES;
				SWIFT_VERSION = 5.0;
				TARGETED_DEVICE_FAMILY = "1,2";
			};
			name = Release;
		};
/* End XCBuildConfiguration section */

/* Begin XCConfigurationList section */
		6532310629B34503002463EA /* Build configuration list for PBXProject "ZooApp" */ = {
			isa = XCConfigurationList;
			buildConfigurations = (
				6532312029B34505002463EA /* Debug */,
				6532312129B34505002463EA /* Release */,
			);
			defaultConfigurationIsVisible = 0;
			defaultConfigurationName = Release;
		};
		6532312229B34505002463EA /* Build configuration list for PBXNativeTarget "ZooApp" */ = {
			isa = XCConfigurationList;
			buildConfigurations = (
				6532312329B34505002463EA /* Debug */,
				6532312429B34505002463EA /* Release */,
			);
			defaultConfigurationIsVisible = 0;
			defaultConfigurationName = Release;
		};
/* End XCConfigurationList section */

/* Begin XCVersionGroup section */
		6532311729B34503002463EA /* ZooApp.xcdatamodeld */ = {
			isa = XCVersionGroup;
			children = (
				6532311829B34503002463EA /* ZooApp.xcdatamodel */,
			);
			currentVersion = 6532311829B34503002463EA /* ZooApp.xcdatamodel */;
			path = ZooApp.xcdatamodeld;
			sourceTree = "<group>";
			versionGroupType = wrapper.xcdatamodel;
		};
/* End XCVersionGroup section */
	};
	rootObject = 6532310329B34503002463EA /* Project object */;
}
